
Microsoft Visual Studio Solution File, Format Version 12.00
# Visual Studio Version 16
VisualStudioVersion = 16.0.31515.178
MinimumVisualStudioVersion = 10.0.40219.1
Project("{FAE04EC0-301F-11D3-BF4B-00C04F79EFBC}") = "BartenderApp", "BartenderApp\BartenderApp.csproj", "{5AC4896D-12DB-4BAA-AC97-4C41544C5E11}"
EndProject
Global
	GlobalSection(SolutionConfigurationPlatforms) = preSolution
		Debug|Any CPU = Debug|Any CPU
		Release|Any CPU = Release|Any CPU
	EndGlobalSection
	GlobalSection(ProjectConfigurationPlatforms) = postSolution
		{5AC4896D-12DB-4BAA-AC97-4C41544C5E11}.Debug|Any CPU.ActiveCfg = Debug|Any CPU
		{5AC4896D-12DB-4BAA-AC97-4C41544C5E11}.Debug|Any CPU.Build.0 = Debug|Any CPU
		{5AC4896D-12DB-4BAA-AC97-4C41544C5E11}.Release|Any CPU.ActiveCfg = Release|Any CPU
		{5AC4896D-12DB-4BAA-AC97-4C41544C5E11}.Release|Any CPU.Build.0 = Release|Any CPU
	EndGlobalSection
	GlobalSection(SolutionProperties) = preSolution
		HideSolutionNode = FALSE
	EndGlobalSection
	GlobalSection(ExtensibilityGlobals) = postSolution
		SolutionGuid = {0AF1B5EB-A86A-4921-9D49-45BC4DF231C4}
	EndGlobalSection
EndGlobal
